
Microsoft Visual Studio Solution File, Format Version 12.00
# Visual Studio 15
VisualStudioVersion = 15.0.28307.705
MinimumVisualStudioVersion = 10.0.40219.1
Project("{FAE04EC0-301F-11D3-BF4B-00C04F79EFBC}") = "JobSequence", "JobSequence\JobSequence.csproj", "{B2B07B9A-AAAC-461E-863E-14D3473F1F1E}"
EndProject
Project("{FAE04EC0-301F-11D3-BF4B-00C04F79EFBC}") = "JobSequence.Tests", "JobSequence.Tests\JobSequence.Tests.csproj", "{FD22ABA7-22E1-44CA-891E-4F82422C36E9}"
EndProject
Global
	GlobalSection(SolutionConfigurationPlatforms) = preSolution
		Debug|Any CPU = Debug|Any CPU
		Release|Any CPU = Release|Any CPU
	EndGlobalSection
	GlobalSection(ProjectConfigurationPlatforms) = postSolution
		{B2B07B9A-AAAC-461E-863E-14D3473F1F1E}.Debug|Any CPU.ActiveCfg = Debug|Any CPU
		{B2B07B9A-AAAC-461E-863E-14D3473F1F1E}.Debug|Any CPU.Build.0 = Debug|Any CPU
		{B2B07B9A-AAAC-461E-863E-14D3473F1F1E}.Release|Any CPU.ActiveCfg = Release|Any CPU
		{B2B07B9A-AAAC-461E-863E-14D3473F1F1E}.Release|Any CPU.Build.0 = Release|Any CPU
		{FD22ABA7-22E1-44CA-891E-4F82422C36E9}.Debug|Any CPU.ActiveCfg = Debug|Any CPU
		{FD22ABA7-22E1-44CA-891E-4F82422C36E9}.Debug|Any CPU.Build.0 = Debug|Any CPU
		{FD22ABA7-22E1-44CA-891E-4F82422C36E9}.Release|Any CPU.ActiveCfg = Release|Any CPU
		{FD22ABA7-22E1-44CA-891E-4F82422C36E9}.Release|Any CPU.Build.0 = Release|Any CPU
	EndGlobalSection
	GlobalSection(SolutionProperties) = preSolution
		HideSolutionNode = FALSE
	EndGlobalSection
	GlobalSection(ExtensibilityGlobals) = postSolution
		SolutionGuid = {C543B463-9C67-4083-8B3E-09C76757FBFB}
	EndGlobalSection
EndGlobal
